
Microsoft Visual Studio Solution File, Format Version 12.00
# Visual Studio 14
VisualStudioVersion = 14.0.25420.1
MinimumVisualStudioVersion = 10.0.40219.1
Project("{FAE04EC0-301F-11D3-BF4B-00C04F79EFBC}") = "ConsoleApplication1", "ConsoleApplication1\ConsoleApplication1.csproj", "{977A2B5D-26E2-44D4-B32B-61C7BEDFF1C0}"
EndProject
Global
	GlobalSection(SolutionConfigurationPlatforms) = preSolution
		Debug|Any CPU = Debug|Any CPU
		Release|Any CPU = Release|Any CPU
	EndGlobalSection
	GlobalSection(ProjectConfigurationPlatforms) = postSolution
		{977A2B5D-26E2-44D4-B32B-61C7BEDFF1C0}.Debug|Any CPU.ActiveCfg = Debug|Any CPU
		{977A2B5D-26E2-44D4-B32B-61C7BEDFF1C0}.Debug|Any CPU.Build.0 = Debug|Any CPU
		{977A2B5D-26E2-44D4-B32B-61C7BEDFF1C0}.Release|Any CPU.ActiveCfg = Release|Any CPU
		{977A2B5D-26E2-44D4-B32B-61C7BEDFF1C0}.Release|Any CPU.Build.0 = Release|Any CPU
	EndGlobalSection
	GlobalSection(SolutionProperties) = preSolution
		HideSolutionNode = FALSE
	EndGlobalSection
EndGlobal
